schema: '2.0'
stages:
  data_ingestion:
    cmd: python ml-pipeline-imdb-movies-review/src/data/data_ingestion.py
    deps:
    - path: ml-pipeline-imdb-movies-review/src/data/data_ingestion.py
      hash: md5
      md5: 8d34d35bfe60cc1cee0db6c592f160d2
      size: 3582
    params:
      params.yaml:
        data_ingestion.test_size: 0.25
    outs:
    - path: ml-pipeline-imdb-movies-review/data/raw
      hash: md5
      md5: 266a38ccd227725d3f96916202850540.dir
      size: 26365344
      nfiles: 2
  data_preprocessing:
    cmd: python ml-pipeline-imdb-movies-review/src/data/data_preprocessing.py
    deps:
    - path: ml-pipeline-imdb-movies-review/data/raw
      hash: md5
      md5: 266a38ccd227725d3f96916202850540.dir
      size: 26365344
      nfiles: 2
    - path: ml-pipeline-imdb-movies-review/src/data/data_preprocessing.py
      hash: md5
      md5: 1af267d0c898d63bfa9ebac30fd3c863
      size: 7824
    outs:
    - path: ml-pipeline-imdb-movies-review/data/interim
      hash: md5
      md5: 9fafe389a14a5c9bee12f3e5df881f53.dir
      size: 16171250
      nfiles: 2
  feature_engineering:
    cmd: python 
      ml-pipeline-imdb-movies-review/src/features/feature_engineering.py
    deps:
    - path: ml-pipeline-imdb-movies-review/data/interim
      hash: md5
      md5: 9fafe389a14a5c9bee12f3e5df881f53.dir
      size: 16171250
      nfiles: 2
    params:
      params.yaml:
        feature_engineering.max_features: 10000
        feature_engineering.ngram_range:
        - 1
        - 2
    outs:
    - path: ml-pipeline-imdb-movies-review/data/processed
      hash: md5
      md5: 85a1487c9c6c60ab1a5fb00324c4788e.dir
      size: 830593335
      nfiles: 2
  model_building:
    cmd: python ml-pipeline-imdb-movies-review/src/models/model_building.py
    deps:
    - path: ml-pipeline-imdb-movies-review/data/processed
      hash: md5
      md5: 85a1487c9c6c60ab1a5fb00324c4788e.dir
      size: 830593335
      nfiles: 2
    params:
      params.yaml:
        model_building.learning_rate: 0.1
        model_building.n_estimators: 100
    outs:
    - path: ml-pipeline-imdb-movies-review/models
      hash: md5
      md5: 7c7dd552cb859e69d3506aa419bef91f.dir
      size: 139452
      nfiles: 1
  model_evaluation:
    cmd: python ml-pipeline-imdb-movies-review/src/models/model_evaluation.py
    deps:
    - path: ml-pipeline-imdb-movies-review/data/processed
      hash: md5
      md5: 85a1487c9c6c60ab1a5fb00324c4788e.dir
      size: 830593335
      nfiles: 2
    - path: ml-pipeline-imdb-movies-review/src/models
      hash: md5
      md5: cf15ae3f3e5753390869aa42c9e891ef.dir
      size: 11218
      nfiles: 4
    outs:
    - path: ml-pipeline-imdb-movies-review/reports
      hash: md5
      md5: b5469cafe46f742a4156f3b36673fb5c.dir
      size: 256
      nfiles: 2
  register_model:
    cmd: python ml-pipeline-imdb-movies-review/src/models/register_model.py
    deps:
    - path: ml-pipeline-imdb-movies-review/models
      hash: md5
      md5: 7c7dd552cb859e69d3506aa419bef91f.dir
      size: 139452
      nfiles: 1
    - path: ml-pipeline-imdb-movies-review/src/models/register_model.py
      hash: md5
      md5: 3049602d64416db7d5aec4305610db9f
      size: 2660
