schema: '2.0'
stages:
  data_ingestion:
    cmd: python ml-pipeline-imdb-movies-review/src/data/data_ingestion.py
    deps:
    - path: ml-pipeline-imdb-movies-review/src/data/data_ingestion.py
      hash: md5
      md5: 33891c41f9acc0735271e71c1eea5843
      size: 3601
    params:
      params.yaml:
        data_ingestion.test_size: 0.2
    outs:
    - path: ml-pipeline-imdb-movies-review/data/raw
      hash: md5
      md5: a7d6abccfbc5019f33b89bd3bb46bc4a.dir
      size: 26365344
      nfiles: 2
  data_preprocessing:
    cmd: python ml-pipeline-imdb-movies-review/src/data/data_preprocessing.py
    deps:
    - path: ml-pipeline-imdb-movies-review/data/raw
      hash: md5
      md5: a7d6abccfbc5019f33b89bd3bb46bc4a.dir
      size: 26365344
      nfiles: 2
    - path: ml-pipeline-imdb-movies-review/src/data/data_preprocessing.py
      hash: md5
      md5: 93f1cc5258525539287860e95e69dfef
      size: 8309
    outs:
    - path: ml-pipeline-imdb-movies-review/data/interim
      hash: md5
      md5: 915cb1ab21ca5cbf04538cd98a2ed5ad.dir
      size: 16302075
      nfiles: 2
  feature_engineering:
    cmd: python 
      ml-pipeline-imdb-movies-review/src/features/feature_engineering.py
    deps:
    - path: ml-pipeline-imdb-movies-review/data/interim
      hash: md5
      md5: 915cb1ab21ca5cbf04538cd98a2ed5ad.dir
      size: 16302075
      nfiles: 2
    params:
      params.yaml:
        feature_engineering.max_features: 10000
        feature_engineering.ngram_range:
        - 1
        - 2
    outs:
    - path: ml-pipeline-imdb-movies-review/data/processed
      hash: md5
      md5: f1604d7b8e86b402583ff477117b71a1.dir
      size: 831149553
      nfiles: 2
    - path: ml-pipeline-imdb-movies-review/models/vectorizer.pkl
      hash: md5
      md5: 4e5c698ab5391195f68d0dad94825ff0
      size: 379447
  model_building:
    cmd: python ml-pipeline-imdb-movies-review/src/models/model_building.py
    deps:
    - path: ml-pipeline-imdb-movies-review/data/processed
      hash: md5
      md5: f1604d7b8e86b402583ff477117b71a1.dir
      size: 831149553
      nfiles: 2
    params:
      params.yaml:
        model_building.learning_rate: 0.1
        model_building.n_estimators: 100
    outs:
    - path: ml-pipeline-imdb-movies-review/models/model.pkl
      hash: md5
      md5: d2c857e6eb10f9d8494561739dccf4d7
      size: 139452
  model_evaluation:
    cmd: python ml-pipeline-imdb-movies-review/src/models/model_evaluation.py
    deps:
    - path: ml-pipeline-imdb-movies-review/data/processed
      hash: md5
      md5: f1604d7b8e86b402583ff477117b71a1.dir
      size: 831149553
      nfiles: 2
    - path: ml-pipeline-imdb-movies-review/src/models
      hash: md5
      md5: 691cb17050429d86ebbd1a801839f762.dir
      size: 14937
      nfiles: 5
    outs:
    - path: ml-pipeline-imdb-movies-review/reports
      hash: md5
      md5: ab0fee4f2329a2a4ca79a35fd9d618a2.dir
      size: 256
      nfiles: 2
  register_model:
    cmd: python ml-pipeline-imdb-movies-review/src/models/register_model.py
    deps:
    - path: ml-pipeline-imdb-movies-review/models
      hash: md5
      md5: 7c7dd552cb859e69d3506aa419bef91f.dir
      size: 139452
      nfiles: 1
    - path: ml-pipeline-imdb-movies-review/src/models/register_model.py
      hash: md5
      md5: 3049602d64416db7d5aec4305610db9f
      size: 2660
  model_registration:
    cmd: python ml-pipeline-imdb-movies-review/src/models/register_model.py
    deps:
    - path: ml-pipeline-imdb-movies-review/reports/experiment_info.json
      hash: md5
      md5: 958c2e81448e3f8640a10bfef2347e29
      size: 82
    - path: ml-pipeline-imdb-movies-review/src/models/register_model.py
      hash: md5
      md5: fee73e611294ec4aed6686044aea32a3
      size: 3812
  model_testing:
    cmd: python tests/test_model.py
    deps:
    - path: ml-pipeline-imdb-movies-review/data/processed/test_tfidf.csv
      hash: md5
      md5: 80875e13a473dda460ac6ef94f4596ea
      size: 166164797
    - path: ml-pipeline-imdb-movies-review/models/vectorizer.pkl
      hash: md5
      md5: 4e5c698ab5391195f68d0dad94825ff0
      size: 379447
    - path: tests/test_model.py
      hash: md5
      md5: ecc41dc888255989f77ca76b89e94035
      size: 4577
